{
  "version": 4,
  "terraform_version": "1.12.0",
  "serial": 18,
  "lineage": "58f4901f-4eed-182a-5bfa-0913245f1cf1",
  "outputs": {
    "registry_url": {
      "value": "registry.digitalocean.com/at-apps-registry",
      "type": "string"
    }
  },
  "resources": [
    {
      "module": "module.container_registry",
      "mode": "managed",
      "type": "digitalocean_container_registry",
      "name": "this",
      "provider": "provider[\"registry.terraform.io/digitalocean/digitalocean\"]",
      "instances": [
        {
          "schema_version": 0,
          "attributes": {
            "created_at": "2025-05-15 12:20:14 +0000 UTC",
            "endpoint": "registry.digitalocean.com/at-apps-registry",
            "id": "at-apps-registry",
            "name": "at-apps-registry",
            "region": "sfo2",
            "server_url": "registry.digitalocean.com",
            "storage_usage_bytes": 0,
            "subscription_tier_slug": "basic"
          },
          "sensitive_attributes": [],
          "identity_schema_version": 0,
          "private": "bnVsbA=="
        }
      ]
    }
  ],
  "check_results": null
}
